
Microsoft Visual Studio Solution File, Format Version 12.00
# Visual Studio Version 16
VisualStudioVersion = 16.0.30225.117
MinimumVisualStudioVersion = 10.0.40219.1
Project("{FAE04EC0-301F-11D3-BF4B-00C04F79EFBC}") = "lab4.3_Prime_Numbers", "lab4.3_Prime_Numbers.csproj", "{87D0C7DB-8B85-4CC4-99E4-510F7A80BA19}"
EndProject
Project("{FAE04EC0-301F-11D3-BF4B-00C04F79EFBC}") = "lab4.3_Prime_Numbers_Xunit", "..\lab4.3_Prime_Numbers_Xunit\lab4.3_Prime_Numbers_Xunit.csproj", "{10D19C7F-26B3-4D57-80BB-9BE9A9ADB1EE}"
EndProject
Global
	GlobalSection(SolutionConfigurationPlatforms) = preSolution
		Debug|Any CPU = Debug|Any CPU
		Release|Any CPU = Release|Any CPU
	EndGlobalSection
	GlobalSection(ProjectConfigurationPlatforms) = postSolution
		{87D0C7DB-8B85-4CC4-99E4-510F7A80BA19}.Debug|Any CPU.ActiveCfg = Debug|Any CPU
		{87D0C7DB-8B85-4CC4-99E4-510F7A80BA19}.Debug|Any CPU.Build.0 = Debug|Any CPU
		{87D0C7DB-8B85-4CC4-99E4-510F7A80BA19}.Release|Any CPU.ActiveCfg = Release|Any CPU
		{87D0C7DB-8B85-4CC4-99E4-510F7A80BA19}.Release|Any CPU.Build.0 = Release|Any CPU
		{10D19C7F-26B3-4D57-80BB-9BE9A9ADB1EE}.Debug|Any CPU.ActiveCfg = Debug|Any CPU
		{10D19C7F-26B3-4D57-80BB-9BE9A9ADB1EE}.Debug|Any CPU.Build.0 = Debug|Any CPU
		{10D19C7F-26B3-4D57-80BB-9BE9A9ADB1EE}.Release|Any CPU.ActiveCfg = Release|Any CPU
		{10D19C7F-26B3-4D57-80BB-9BE9A9ADB1EE}.Release|Any CPU.Build.0 = Release|Any CPU
	EndGlobalSection
	GlobalSection(SolutionProperties) = preSolution
		HideSolutionNode = FALSE
	EndGlobalSection
	GlobalSection(ExtensibilityGlobals) = postSolution
		SolutionGuid = {8CEDA3ED-9DFE-462D-90EE-45BD0FEF4A82}
	EndGlobalSection
EndGlobal
